
Microsoft Visual Studio Solution File, Format Version 12.00
# Visual Studio Version 17
VisualStudioVersion = 17.5.33530.505
MinimumVisualStudioVersion = 10.0.40219.1
Project("{FAE04EC0-301F-11D3-BF4B-00C04F79EFBC}") = "GenericAdo", "GenericAdo\GenericAdo.csproj", "{F3A3F7A3-5C14-4D5D-AEB1-342CF59AB27B}"
EndProject
Project("{FAE04EC0-301F-11D3-BF4B-00C04F79EFBC}") = "DbHelper", "DbHelper\DbHelper.csproj", "{E53E008D-060F-4765-B794-CA47C3EC093B}"
EndProject
Global
	GlobalSection(SolutionConfigurationPlatforms) = preSolution
		Debug|Any CPU = Debug|Any CPU
		Release|Any CPU = Release|Any CPU
	EndGlobalSection
	GlobalSection(ProjectConfigurationPlatforms) = postSolution
		{F3A3F7A3-5C14-4D5D-AEB1-342CF59AB27B}.Debug|Any CPU.ActiveCfg = Debug|Any CPU
		{F3A3F7A3-5C14-4D5D-AEB1-342CF59AB27B}.Debug|Any CPU.Build.0 = Debug|Any CPU
		{F3A3F7A3-5C14-4D5D-AEB1-342CF59AB27B}.Release|Any CPU.ActiveCfg = Release|Any CPU
		{F3A3F7A3-5C14-4D5D-AEB1-342CF59AB27B}.Release|Any CPU.Build.0 = Release|Any CPU
		{E53E008D-060F-4765-B794-CA47C3EC093B}.Debug|Any CPU.ActiveCfg = Debug|Any CPU
		{E53E008D-060F-4765-B794-CA47C3EC093B}.Debug|Any CPU.Build.0 = Debug|Any CPU
		{E53E008D-060F-4765-B794-CA47C3EC093B}.Release|Any CPU.ActiveCfg = Release|Any CPU
		{E53E008D-060F-4765-B794-CA47C3EC093B}.Release|Any CPU.Build.0 = Release|Any CPU
	EndGlobalSection
	GlobalSection(SolutionProperties) = preSolution
		HideSolutionNode = FALSE
	EndGlobalSection
	GlobalSection(ExtensibilityGlobals) = postSolution
		SolutionGuid = {F4368C00-E3EB-4DFF-807E-62012B6B30F6}
	EndGlobalSection
EndGlobal
